
Microsoft Visual Studio Solution File, Format Version 12.00
# Visual Studio Version 17
VisualStudioVersion = 17.11.35208.52
MinimumVisualStudioVersion = 10.0.40219.1
Project("{FAE04EC0-301F-11D3-BF4B-00C04F79EFBC}") = "DecisionAssistant.Server", "DecisionAssistant.Server\DecisionAssistant.Server.csproj", "{8DE67E1D-F2B9-42A2-A918-71C33D4AA0B9}"
EndProject
Project("{54A90642-561A-4BB1-A94E-469ADEE60C69}") = "decisionassistant.client", "decisionassistant.client\decisionassistant.client.esproj", "{39963EB0-10C0-4DD3-992F-97D81BE12F0A}"
EndProject
Global
	GlobalSection(SolutionConfigurationPlatforms) = preSolution
		Debug|Any CPU = Debug|Any CPU
		Release|Any CPU = Release|Any CPU
	EndGlobalSection
	GlobalSection(ProjectConfigurationPlatforms) = postSolution
		{8DE67E1D-F2B9-42A2-A918-71C33D4AA0B9}.Debug|Any CPU.ActiveCfg = Debug|Any CPU
		{8DE67E1D-F2B9-42A2-A918-71C33D4AA0B9}.Debug|Any CPU.Build.0 = Debug|Any CPU
		{8DE67E1D-F2B9-42A2-A918-71C33D4AA0B9}.Release|Any CPU.ActiveCfg = Release|Any CPU
		{8DE67E1D-F2B9-42A2-A918-71C33D4AA0B9}.Release|Any CPU.Build.0 = Release|Any CPU
		{39963EB0-10C0-4DD3-992F-97D81BE12F0A}.Debug|Any CPU.ActiveCfg = Debug|Any CPU
		{39963EB0-10C0-4DD3-992F-97D81BE12F0A}.Debug|Any CPU.Build.0 = Debug|Any CPU
		{39963EB0-10C0-4DD3-992F-97D81BE12F0A}.Debug|Any CPU.Deploy.0 = Debug|Any CPU
		{39963EB0-10C0-4DD3-992F-97D81BE12F0A}.Release|Any CPU.ActiveCfg = Release|Any CPU
		{39963EB0-10C0-4DD3-992F-97D81BE12F0A}.Release|Any CPU.Build.0 = Release|Any CPU
		{39963EB0-10C0-4DD3-992F-97D81BE12F0A}.Release|Any CPU.Deploy.0 = Release|Any CPU
	EndGlobalSection
	GlobalSection(SolutionProperties) = preSolution
		HideSolutionNode = FALSE
	EndGlobalSection
	GlobalSection(ExtensibilityGlobals) = postSolution
		SolutionGuid = {2890423D-2FF0-4C4C-98CC-CD450D457E77}
	EndGlobalSection
EndGlobal
